{
  "nodes": {
    "legacy-packages": {
      "locked": {
        "lastModified": 1620055814,
        "narHash": "sha256-8LEHoYSJiL901bTMVatq+rf8y7QtWuZhwwpKE2fyaRY=",
        "owner": "NixOS",
        "repo": "nixpkgs",
        "rev": "1db42b7fe3878f3f5f7a4f2dc210772fd080e205",
        "type": "github"
      },
      "original": {
        "owner": "NixOS",
        "ref": "nixos-20.03",
        "repo": "nixpkgs",
        "type": "github"
      }
    },
    "nixpkgs": {
      "locked": {
        "lastModified": 1689326639,
        "narHash": "sha256-79zi0t83Dcc2dE0NuYZ+2hqtKXZN1yWVq5mtx8D2d7Y=",
        "owner": "NixOS",
        "repo": "nixpkgs",
        "rev": "9fdfaeb7b96f05e869f838c73cde8d98c640c649",
        "type": "github"
      },
      "original": {
        "owner": "NixOS",
        "ref": "nixos-23.05",
        "repo": "nixpkgs",
        "type": "github"
      }
    },
    "root": {
      "inputs": {
        "legacy-packages": "legacy-packages",
        "nixpkgs": "nixpkgs"
      }
    }
  },
  "root": "root",
  "version": 7
}
