{
  "nodes": {
    "composer2nix": {
      "flake": false,
      "locked": {
        "lastModified": 1646178110,
        "narHash": "sha256-P3acfGwHYjjZQcviPiOT7T7qzzP/drc2mibzrsrNP18=",
        "owner": "svanderburg",
        "repo": "composer2nix",
        "rev": "299caca4aac42d7639a42eb4dde951c010f6e91c",
        "type": "github"
      },
      "original": {
        "owner": "svanderburg",
        "repo": "composer2nix",
        "type": "github"
      }
    },
    "nixpkgs": {
      "locked": {
        "lastModified": 1698942558,
        "narHash": "sha256-/UmnB+mEd6Eg3mJBrAgqRcyZX//RSjHphcCO7Ig9Bpk=",
        "owner": "NixOS",
        "repo": "nixpkgs",
        "rev": "621f51253edffa1d6f08d5fce4f08614c852d17e",
        "type": "github"
      },
      "original": {
        "owner": "NixOS",
        "ref": "nixos-23.05",
        "repo": "nixpkgs",
        "type": "github"
      }
    },
    "root": {
      "inputs": {
        "composer2nix": "composer2nix",
        "nixpkgs": "nixpkgs"
      }
    }
  },
  "root": "root",
  "version": 7
}
